
Microsoft Visual Studio Solution File, Format Version 12.00
# Visual Studio Version 17
VisualStudioVersion = 17.5.002.0
MinimumVisualStudioVersion = 10.0.40219.1
Project("{9A19103F-16F7-4668-BE54-9A1E7A4F7556}") = "Calculator", "Calculator.csproj", "{9220294E-A2D8-45EC-9B6F-745CB84BC4B2}"
EndProject
Global
	GlobalSection(SolutionConfigurationPlatforms) = preSolution
		Debug|Any CPU = Debug|Any CPU
		Release|Any CPU = Release|Any CPU
	EndGlobalSection
	GlobalSection(ProjectConfigurationPlatforms) = postSolution
		{9220294E-A2D8-45EC-9B6F-745CB84BC4B2}.Debug|Any CPU.ActiveCfg = Debug|Any CPU
		{9220294E-A2D8-45EC-9B6F-745CB84BC4B2}.Debug|Any CPU.Build.0 = Debug|Any CPU
		{9220294E-A2D8-45EC-9B6F-745CB84BC4B2}.Release|Any CPU.ActiveCfg = Release|Any CPU
		{9220294E-A2D8-45EC-9B6F-745CB84BC4B2}.Release|Any CPU.Build.0 = Release|Any CPU
	EndGlobalSection
	GlobalSection(SolutionProperties) = preSolution
		HideSolutionNode = FALSE
	EndGlobalSection
	GlobalSection(ExtensibilityGlobals) = postSolution
		SolutionGuid = {B8CCF432-C497-4046-A9F2-DC8AD2CECB39}
	EndGlobalSection
EndGlobal
